
Microsoft Visual Studio Solution File, Format Version 12.00
# Visual Studio Version 16
VisualStudioVersion = 16.0.32002.261
MinimumVisualStudioVersion = 10.0.40219.1
Project("{FAE04EC0-301F-11D3-BF4B-00C04F79EFBC}") = "Bowling", "Bowling\Bowling.csproj", "{2CC4BAAC-5BCC-4ED2-9B8F-CCD884F6403A}"
EndProject
Global
	GlobalSection(SolutionConfigurationPlatforms) = preSolution
		Debug|Any CPU = Debug|Any CPU
		Release|Any CPU = Release|Any CPU
	EndGlobalSection
	GlobalSection(ProjectConfigurationPlatforms) = postSolution
		{2CC4BAAC-5BCC-4ED2-9B8F-CCD884F6403A}.Debug|Any CPU.ActiveCfg = Debug|Any CPU
		{2CC4BAAC-5BCC-4ED2-9B8F-CCD884F6403A}.Debug|Any CPU.Build.0 = Debug|Any CPU
		{2CC4BAAC-5BCC-4ED2-9B8F-CCD884F6403A}.Release|Any CPU.ActiveCfg = Release|Any CPU
		{2CC4BAAC-5BCC-4ED2-9B8F-CCD884F6403A}.Release|Any CPU.Build.0 = Release|Any CPU
	EndGlobalSection
	GlobalSection(SolutionProperties) = preSolution
		HideSolutionNode = FALSE
	EndGlobalSection
	GlobalSection(ExtensibilityGlobals) = postSolution
		SolutionGuid = {A065741A-1A70-40DC-B68A-09AAC8F39DD4}
	EndGlobalSection
EndGlobal
